
Microsoft Visual Studio Solution File, Format Version 12.00
# Visual Studio Version 17
VisualStudioVersion = 17.2.32616.157
MinimumVisualStudioVersion = 10.0.40219.1
Project("{FAE04EC0-301F-11D3-BF4B-00C04F79EFBC}") = "ConsoleForDb0701", "ConsoleApp3\ConsoleForDb0701.csproj", "{2C3CF17F-4A38-4CDD-A868-1AAC0C03C76E}"
EndProject
Global
	GlobalSection(SolutionConfigurationPlatforms) = preSolution
		Debug|Any CPU = Debug|Any CPU
		Release|Any CPU = Release|Any CPU
	EndGlobalSection
	GlobalSection(ProjectConfigurationPlatforms) = postSolution
		{2C3CF17F-4A38-4CDD-A868-1AAC0C03C76E}.Debug|Any CPU.ActiveCfg = Debug|Any CPU
		{2C3CF17F-4A38-4CDD-A868-1AAC0C03C76E}.Debug|Any CPU.Build.0 = Debug|Any CPU
		{2C3CF17F-4A38-4CDD-A868-1AAC0C03C76E}.Release|Any CPU.ActiveCfg = Release|Any CPU
		{2C3CF17F-4A38-4CDD-A868-1AAC0C03C76E}.Release|Any CPU.Build.0 = Release|Any CPU
	EndGlobalSection
	GlobalSection(SolutionProperties) = preSolution
		HideSolutionNode = FALSE
	EndGlobalSection
	GlobalSection(ExtensibilityGlobals) = postSolution
		SolutionGuid = {25539C8B-8F74-417C-A97C-854510744836}
	EndGlobalSection
EndGlobal
